
Microsoft Visual Studio Solution File, Format Version 12.00
# Visual Studio Version 17
VisualStudioVersion = 17.11.35222.181
MinimumVisualStudioVersion = 10.0.40219.1
Project("{FAE04EC0-301F-11D3-BF4B-00C04F79EFBC}") = "Documentation", "Documentation\Documentation.csproj", "{55FEF2EF-2CED-4479-9761-472E751D71CA}"
EndProject
Global
	GlobalSection(SolutionConfigurationPlatforms) = preSolution
		Debug|Any CPU = Debug|Any CPU
		Release|Any CPU = Release|Any CPU
	EndGlobalSection
	GlobalSection(ProjectConfigurationPlatforms) = postSolution
		{55FEF2EF-2CED-4479-9761-472E751D71CA}.Debug|Any CPU.ActiveCfg = Debug|Any CPU
		{55FEF2EF-2CED-4479-9761-472E751D71CA}.Debug|Any CPU.Build.0 = Debug|Any CPU
		{55FEF2EF-2CED-4479-9761-472E751D71CA}.Release|Any CPU.ActiveCfg = Release|Any CPU
		{55FEF2EF-2CED-4479-9761-472E751D71CA}.Release|Any CPU.Build.0 = Release|Any CPU
	EndGlobalSection
	GlobalSection(SolutionProperties) = preSolution
		HideSolutionNode = FALSE
	EndGlobalSection
	GlobalSection(ExtensibilityGlobals) = postSolution
		SolutionGuid = {52333990-1C4A-4677-B74C-0D438495FEDC}
	EndGlobalSection
EndGlobal
